
Microsoft Visual Studio Solution File, Format Version 12.00
# Visual Studio Version 16
VisualStudioVersion = 16.0.29709.97
MinimumVisualStudioVersion = 10.0.40219.1
Project("{2150E333-8FDC-42A3-9474-1A3956D46DE8}") = "Src", "Src", "{F7E2ED60-D617-4CB6-B568-9129519628C4}"
EndProject
Project("{2150E333-8FDC-42A3-9474-1A3956D46DE8}") = "Services", "Services", "{DB218DA1-4D5F-42EC-85AA-8C80AE5D178B}"
EndProject
Project("{2150E333-8FDC-42A3-9474-1A3956D46DE8}") = "Catalog", "Catalog", "{E9C40848-4EF4-4E28-B047-5860BB6DFB17}"
EndProject
Project("{9A19103F-16F7-4668-BE54-9A1E7A4F7556}") = "Catalog.API", "Catalog.API\Catalog.API.csproj", "{EB3B6257-0181-4295-9C35-7752E4B4AD66}"
EndProject
Project("{2150E333-8FDC-42A3-9474-1A3956D46DE8}") = "Basket", "Basket", "{432E9326-69EB-41F5-9368-ADDF08730D44}"
EndProject
Project("{9A19103F-16F7-4668-BE54-9A1E7A4F7556}") = "Basket.API", "Basket.API\Basket.API.csproj", "{CC0CD0FD-58FD-4C64-BA83-B5CDC34B776A}"
EndProject
Project("{E53339B2-1760-4266-BCC7-CA923CBCF16C}") = "docker-compose", "docker-compose.dcproj", "{32C92D34-F0BC-40A4-A87A-644BF6BB8D06}"
EndProject
Project("{2150E333-8FDC-42A3-9474-1A3956D46DE8}") = "BuildingBlocks", "BuildingBlocks", "{DE0BA7EF-1723-4AB8-A9D1-3C1AA93BA179}"
EndProject
Project("{2150E333-8FDC-42A3-9474-1A3956D46DE8}") = "EventBusInfra", "EventBusInfra", "{937817B2-614D-4339-BF59-1A7D7B2E41AB}"
EndProject
Project("{9A19103F-16F7-4668-BE54-9A1E7A4F7556}") = "EventBus", "EventBus\EventBus.csproj", "{7145C9BA-E0D8-48C5-A477-D41E199CDB6C}"
EndProject
Project("{9A19103F-16F7-4668-BE54-9A1E7A4F7556}") = "EventBusRabbitMQ", "EventBusRabbitMQ\EventBusRabbitMQ.csproj", "{08993A0C-54E2-4B1A-9708-3C7E90C597B1}"
EndProject
Global
	GlobalSection(SolutionConfigurationPlatforms) = preSolution
		Debug|Any CPU = Debug|Any CPU
		Release|Any CPU = Release|Any CPU
	EndGlobalSection
	GlobalSection(ProjectConfigurationPlatforms) = postSolution
		{EB3B6257-0181-4295-9C35-7752E4B4AD66}.Debug|Any CPU.ActiveCfg = Debug|Any CPU
		{EB3B6257-0181-4295-9C35-7752E4B4AD66}.Debug|Any CPU.Build.0 = Debug|Any CPU
		{EB3B6257-0181-4295-9C35-7752E4B4AD66}.Release|Any CPU.ActiveCfg = Release|Any CPU
		{EB3B6257-0181-4295-9C35-7752E4B4AD66}.Release|Any CPU.Build.0 = Release|Any CPU
		{CC0CD0FD-58FD-4C64-BA83-B5CDC34B776A}.Debug|Any CPU.ActiveCfg = Debug|Any CPU
		{CC0CD0FD-58FD-4C64-BA83-B5CDC34B776A}.Debug|Any CPU.Build.0 = Debug|Any CPU
		{CC0CD0FD-58FD-4C64-BA83-B5CDC34B776A}.Release|Any CPU.ActiveCfg = Release|Any CPU
		{CC0CD0FD-58FD-4C64-BA83-B5CDC34B776A}.Release|Any CPU.Build.0 = Release|Any CPU
		{32C92D34-F0BC-40A4-A87A-644BF6BB8D06}.Debug|Any CPU.ActiveCfg = Debug|Any CPU
		{32C92D34-F0BC-40A4-A87A-644BF6BB8D06}.Debug|Any CPU.Build.0 = Debug|Any CPU
		{32C92D34-F0BC-40A4-A87A-644BF6BB8D06}.Release|Any CPU.ActiveCfg = Release|Any CPU
		{32C92D34-F0BC-40A4-A87A-644BF6BB8D06}.Release|Any CPU.Build.0 = Release|Any CPU
		{7145C9BA-E0D8-48C5-A477-D41E199CDB6C}.Debug|Any CPU.ActiveCfg = Debug|Any CPU
		{7145C9BA-E0D8-48C5-A477-D41E199CDB6C}.Debug|Any CPU.Build.0 = Debug|Any CPU
		{7145C9BA-E0D8-48C5-A477-D41E199CDB6C}.Release|Any CPU.ActiveCfg = Release|Any CPU
		{7145C9BA-E0D8-48C5-A477-D41E199CDB6C}.Release|Any CPU.Build.0 = Release|Any CPU
		{08993A0C-54E2-4B1A-9708-3C7E90C597B1}.Debug|Any CPU.ActiveCfg = Debug|Any CPU
		{08993A0C-54E2-4B1A-9708-3C7E90C597B1}.Debug|Any CPU.Build.0 = Debug|Any CPU
		{08993A0C-54E2-4B1A-9708-3C7E90C597B1}.Release|Any CPU.ActiveCfg = Release|Any CPU
		{08993A0C-54E2-4B1A-9708-3C7E90C597B1}.Release|Any CPU.Build.0 = Release|Any CPU
	EndGlobalSection
	GlobalSection(SolutionProperties) = preSolution
		HideSolutionNode = FALSE
	EndGlobalSection
	GlobalSection(NestedProjects) = preSolution
		{DB218DA1-4D5F-42EC-85AA-8C80AE5D178B} = {F7E2ED60-D617-4CB6-B568-9129519628C4}
		{E9C40848-4EF4-4E28-B047-5860BB6DFB17} = {DB218DA1-4D5F-42EC-85AA-8C80AE5D178B}
		{EB3B6257-0181-4295-9C35-7752E4B4AD66} = {E9C40848-4EF4-4E28-B047-5860BB6DFB17}
		{432E9326-69EB-41F5-9368-ADDF08730D44} = {DB218DA1-4D5F-42EC-85AA-8C80AE5D178B}
		{CC0CD0FD-58FD-4C64-BA83-B5CDC34B776A} = {432E9326-69EB-41F5-9368-ADDF08730D44}
		{DE0BA7EF-1723-4AB8-A9D1-3C1AA93BA179} = {F7E2ED60-D617-4CB6-B568-9129519628C4}
		{937817B2-614D-4339-BF59-1A7D7B2E41AB} = {DE0BA7EF-1723-4AB8-A9D1-3C1AA93BA179}
		{7145C9BA-E0D8-48C5-A477-D41E199CDB6C} = {937817B2-614D-4339-BF59-1A7D7B2E41AB}
		{08993A0C-54E2-4B1A-9708-3C7E90C597B1} = {937817B2-614D-4339-BF59-1A7D7B2E41AB}
	EndGlobalSection
	GlobalSection(ExtensibilityGlobals) = postSolution
		SolutionGuid = {12C98E16-058A-449C-A40D-64905E5620B6}
	EndGlobalSection
EndGlobal
